
Microsoft Visual Studio Solution File, Format Version 12.00
# Visual Studio Version 17
VisualStudioVersion = 17.13.35806.99 d17.13
MinimumVisualStudioVersion = 10.0.40219.1
Project("{FAE04EC0-301F-11D3-BF4B-00C04F79EFBC}") = "Tp6_103022300006", "Tp6_103022300006\Tp6_103022300006.csproj", "{8FA6E627-5465-40D9-AF37-04A6ACB2586A}"
EndProject
Global
	GlobalSection(SolutionConfigurationPlatforms) = preSolution
		Debug|Any CPU = Debug|Any CPU
		Release|Any CPU = Release|Any CPU
	EndGlobalSection
	GlobalSection(ProjectConfigurationPlatforms) = postSolution
		{8FA6E627-5465-40D9-AF37-04A6ACB2586A}.Debug|Any CPU.ActiveCfg = Debug|Any CPU
		{8FA6E627-5465-40D9-AF37-04A6ACB2586A}.Debug|Any CPU.Build.0 = Debug|Any CPU
		{8FA6E627-5465-40D9-AF37-04A6ACB2586A}.Release|Any CPU.ActiveCfg = Release|Any CPU
		{8FA6E627-5465-40D9-AF37-04A6ACB2586A}.Release|Any CPU.Build.0 = Release|Any CPU
	EndGlobalSection
	GlobalSection(SolutionProperties) = preSolution
		HideSolutionNode = FALSE
	EndGlobalSection
	GlobalSection(ExtensibilityGlobals) = postSolution
		SolutionGuid = {E5277DFA-BD9C-49E9-9C17-576696C258A5}
	EndGlobalSection
EndGlobal
